{
  "pins" : [
    {
      "identity" : "cdkswiftoracc",
      "kind" : "remoteSourceControl",
      "location" : "https://github.com/ckanchan/CDKSwiftOracc",
      "state" : {
        "revision" : "9b0801cccd52d2510a9f81a5594249042480f0c9",
        "version" : "0.9.1"
      }
    },
    {
      "identity" : "sqlite.swift",
      "kind" : "remoteSourceControl",
      "location" : "https://github.com/stephencelis/SQLite.swift.git",
      "state" : {
        "revision" : "7a2e3cd27de56f6d396e84f63beefd0267b55ccb",
        "version" : "0.14.1"
      }
    },
    {
      "identity" : "zipfoundation",
      "kind" : "remoteSourceControl",
      "location" : "https://github.com/weichsel/zipfoundation",
      "state" : {
        "revision" : "edbeaa39b426e54702194b0a601342322f01e400",
        "version" : "0.9.9"
      }
    }
  ],
  "version" : 2
}
