{
  "object": {
    "pins": [
      {
        "package": "CDKSwiftOracc",
        "repositoryURL": "https://github.com/ckanchan/CDKSwiftOracc",
        "state": {
          "branch": null,
          "revision": "816bf5e00055d4fb82059d25f34adb61aa2d2dba",
          "version": "0.7.12"
        }
      },
      {
        "package": "SQLite.swift",
        "repositoryURL": "https://github.com/stephencelis/SQLite.swift.git",
        "state": {
          "branch": null,
          "revision": "0a9893ec030501a3956bee572d6b4fdd3ae158a1",
          "version": "0.12.2"
        }
      },
      {
        "package": "ZIPFoundation",
        "repositoryURL": "https://github.com/weichsel/zipfoundation",
        "state": {
          "branch": null,
          "revision": "edbeaa39b426e54702194b0a601342322f01e400",
          "version": "0.9.9"
        }
      }
    ]
  },
  "version": 1
}
